
Microsoft Visual Studio Solution File, Format Version 12.00
# Visual Studio Version 16
VisualStudioVersion = 16.0.33801.447
MinimumVisualStudioVersion = 10.0.40219.1
Project("{FAE04EC0-301F-11D3-BF4B-00C04F79EFBC}") = "DeletingfromMiddleofArray", "DeletingfromMiddleofArray.csproj", "{CBFF81D1-BF15-4124-905D-7587D6B28AB2}"
EndProject
Global
	GlobalSection(SolutionConfigurationPlatforms) = preSolution
		Debug|Any CPU = Debug|Any CPU
		Release|Any CPU = Release|Any CPU
	EndGlobalSection
	GlobalSection(ProjectConfigurationPlatforms) = postSolution
		{CBFF81D1-BF15-4124-905D-7587D6B28AB2}.Debug|Any CPU.ActiveCfg = Debug|Any CPU
		{CBFF81D1-BF15-4124-905D-7587D6B28AB2}.Debug|Any CPU.Build.0 = Debug|Any CPU
		{CBFF81D1-BF15-4124-905D-7587D6B28AB2}.Release|Any CPU.ActiveCfg = Release|Any CPU
		{CBFF81D1-BF15-4124-905D-7587D6B28AB2}.Release|Any CPU.Build.0 = Release|Any CPU
	EndGlobalSection
	GlobalSection(SolutionProperties) = preSolution
		HideSolutionNode = FALSE
	EndGlobalSection
	GlobalSection(ExtensibilityGlobals) = postSolution
		SolutionGuid = {85020CAC-E17D-4AEA-ACAC-062451A6ED1A}
	EndGlobalSection
EndGlobal
